#MicroXplorer Configuration settings - do not modify
Dma.Request0=SPI3_RX
Dma.Request1=SPI2_RX
Dma.Request2=SAI1_A
Dma.Request3=SAI1_B
Dma.RequestsNb=4
Dma.SAI1_A.2.Channel=DMA_CHANNEL_0
Dma.SAI1_A.2.Direction=DMA_PERIPH_TO_MEMORY
Dma.SAI1_A.2.FIFOMode=DMA_FIFOMODE_ENABLE
Dma.SAI1_A.2.FIFOThreshold=DMA_FIFO_THRESHOLD_HALFFULL
Dma.SAI1_A.2.Instance=DMA2_Stream1
Dma.SAI1_A.2.MemBurst=DMA_MBURST_SINGLE
Dma.SAI1_A.2.MemDataAlignment=DMA_MDATAALIGN_WORD
Dma.SAI1_A.2.MemInc=DMA_MINC_ENABLE
Dma.SAI1_A.2.Mode=DMA_CIRCULAR
Dma.SAI1_A.2.PeriphBurst=DMA_PBURST_SINGLE
Dma.SAI1_A.2.PeriphDataAlignment=DMA_PDATAALIGN_WORD
Dma.SAI1_A.2.PeriphInc=DMA_PINC_DISABLE
Dma.SAI1_A.2.Priority=DMA_PRIORITY_LOW
Dma.SAI1_A.2.RequestParameters=Instance,Channel,Direction,PeriphInc,MemInc,PeriphDataAlignment,MemDataAlignment,Mode,Priority,FIFOMode,FIFOThreshold,MemBurst,PeriphBurst
Dma.SAI1_B.3.Channel=DMA_CHANNEL_1
Dma.SAI1_B.3.Direction=DMA_PERIPH_TO_MEMORY
Dma.SAI1_B.3.FIFOMode=DMA_FIFOMODE_ENABLE
Dma.SAI1_B.3.FIFOThreshold=DMA_FIFO_THRESHOLD_HALFFULL
Dma.SAI1_B.3.Instance=DMA2_Stream4
Dma.SAI1_B.3.MemBurst=DMA_MBURST_SINGLE
Dma.SAI1_B.3.MemDataAlignment=DMA_MDATAALIGN_WORD
Dma.SAI1_B.3.MemInc=DMA_MINC_ENABLE
Dma.SAI1_B.3.Mode=DMA_CIRCULAR
Dma.SAI1_B.3.PeriphBurst=DMA_PBURST_SINGLE
Dma.SAI1_B.3.PeriphDataAlignment=DMA_PDATAALIGN_WORD
Dma.SAI1_B.3.PeriphInc=DMA_PINC_DISABLE
Dma.SAI1_B.3.Priority=DMA_PRIORITY_LOW
Dma.SAI1_B.3.RequestParameters=Instance,Channel,Direction,PeriphInc,MemInc,PeriphDataAlignment,MemDataAlignment,Mode,Priority,FIFOMode,FIFOThreshold,MemBurst,PeriphBurst
Dma.SPI2_RX.1.Channel=DMA_CHANNEL_0
Dma.SPI2_RX.1.Direction=DMA_PERIPH_TO_MEMORY
Dma.SPI2_RX.1.FIFOMode=DMA_FIFOMODE_ENABLE
Dma.SPI2_RX.1.FIFOThreshold=DMA_FIFO_THRESHOLD_HALFFULL
Dma.SPI2_RX.1.Instance=DMA1_Stream3
Dma.SPI2_RX.1.MemBurst=DMA_MBURST_SINGLE
Dma.SPI2_RX.1.MemDataAlignment=DMA_MDATAALIGN_WORD
Dma.SPI2_RX.1.MemInc=DMA_MINC_ENABLE
Dma.SPI2_RX.1.Mode=DMA_CIRCULAR
Dma.SPI2_RX.1.PeriphBurst=DMA_PBURST_SINGLE
Dma.SPI2_RX.1.PeriphDataAlignment=DMA_PDATAALIGN_HALFWORD
Dma.SPI2_RX.1.PeriphInc=DMA_PINC_DISABLE
Dma.SPI2_RX.1.Priority=DMA_PRIORITY_LOW
Dma.SPI2_RX.1.RequestParameters=Instance,Channel,Direction,PeriphInc,MemInc,PeriphDataAlignment,MemDataAlignment,Mode,Priority,FIFOMode,FIFOThreshold,MemBurst,PeriphBurst
Dma.SPI3_RX.0.Channel=DMA_CHANNEL_0
Dma.SPI3_RX.0.Direction=DMA_PERIPH_TO_MEMORY
Dma.SPI3_RX.0.FIFOMode=DMA_FIFOMODE_ENABLE
Dma.SPI3_RX.0.FIFOThreshold=DMA_FIFO_THRESHOLD_HALFFULL
Dma.SPI3_RX.0.Instance=DMA1_Stream0
Dma.SPI3_RX.0.MemBurst=DMA_MBURST_SINGLE
Dma.SPI3_RX.0.MemDataAlignment=DMA_MDATAALIGN_WORD
Dma.SPI3_RX.0.MemInc=DMA_MINC_ENABLE
Dma.SPI3_RX.0.Mode=DMA_CIRCULAR
Dma.SPI3_RX.0.PeriphBurst=DMA_PBURST_SINGLE
Dma.SPI3_RX.0.PeriphDataAlignment=DMA_PDATAALIGN_HALFWORD
Dma.SPI3_RX.0.PeriphInc=DMA_PINC_DISABLE
Dma.SPI3_RX.0.Priority=DMA_PRIORITY_LOW
Dma.SPI3_RX.0.RequestParameters=Instance,Channel,Direction,PeriphInc,MemInc,PeriphDataAlignment,MemDataAlignment,Mode,Priority,FIFOMode,FIFOThreshold,MemBurst,PeriphBurst
File.Version=5
I2S2.AudioFreq=I2S_AUDIOFREQ_48K
I2S2.CPOL=I2S_CPOL_LOW
I2S2.DataFormat=I2S_DATAFORMAT_32B
I2S2.ErrorAudioFreq=0.8 %
I2S2.IPParameters=VirtualMode,RealAudioFreq,CPOL,Mode,DataFormat,Standard,ErrorAudioFreq,AudioFreq
I2S2.Mode=I2S_MODE_SLAVE_RX
I2S2.RealAudioFreq=48.387 KHz
I2S2.Standard=I2S_STANDARD_MSB
I2S2.VirtualMode=I2S_MODE_SLAVE
I2S3.AudioFreq=I2S_AUDIOFREQ_48K
I2S3.DataFormat=I2S_DATAFORMAT_32B
I2S3.ErrorAudioFreq=0.8 %
I2S3.IPParameters=VirtualMode,RealAudioFreq,Mode,DataFormat,Standard,ErrorAudioFreq,AudioFreq
I2S3.Mode=I2S_MODE_SLAVE_RX
I2S3.RealAudioFreq=48.387 KHz
I2S3.Standard=I2S_STANDARD_MSB
I2S3.VirtualMode=I2S_MODE_SLAVE
KeepUserPlacement=false
Mcu.Family=STM32F4
Mcu.IP0=DMA
Mcu.IP1=I2C1
Mcu.IP10=USART3
Mcu.IP2=I2C2
Mcu.IP3=I2S2
Mcu.IP4=I2S3
Mcu.IP5=NVIC
Mcu.IP6=RCC
Mcu.IP7=SAI1
Mcu.IP8=SYS
Mcu.IP9=USART2
Mcu.IPNb=11
Mcu.Name=STM32F429Z(E-G-I)Tx
Mcu.Package=LQFP144
Mcu.Pin0=PE3
Mcu.Pin1=PE4
Mcu.Pin10=PA3
Mcu.Pin11=PA4
Mcu.Pin12=PB10
Mcu.Pin13=PB11
Mcu.Pin14=PB12
Mcu.Pin15=PB13
Mcu.Pin16=PB14
Mcu.Pin17=PD8
Mcu.Pin18=PA13
Mcu.Pin19=PA14
Mcu.Pin2=PE5
Mcu.Pin20=PC10
Mcu.Pin21=PC12
Mcu.Pin22=PB6
Mcu.Pin23=PB7
Mcu.Pin3=PE6
Mcu.Pin4=PF0
Mcu.Pin5=PF1
Mcu.Pin6=PC3
Mcu.Pin7=PA0/WKUP
Mcu.Pin8=PA1
Mcu.Pin9=PA2
Mcu.PinsNb=24
Mcu.UserConstants=
Mcu.UserName=STM32F429ZITx
MxCube.Version=4.9.0
MxDb.Version=DB.4.0.90
NVIC.DMA1_Stream0_IRQn=true\:0\:0\:false
NVIC.DMA1_Stream3_IRQn=true\:0\:0\:false
NVIC.DMA2_Stream1_IRQn=true\:0\:0\:false
NVIC.DMA2_Stream4_IRQn=true\:0\:0\:false
NVIC.PriorityGroup=NVIC_PRIORITYGROUP_4
NVIC.SysTick_IRQn=true\:0\:0\:false
PA0/WKUP.Mode=CTS_RTS
PA0/WKUP.Signal=USART2_CTS
PA1.Mode=CTS_RTS
PA1.Signal=USART2_RTS
PA13.Mode=Serial-Wire
PA13.Signal=SYS_JTMS-SWDIO
PA14.Mode=Serial-Wire
PA14.Signal=SYS_JTCK-SWCLK
PA2.Mode=Asynchronous
PA2.Signal=USART2_TX
PA3.Mode=Asynchronous
PA3.Signal=USART2_RX
PA4.Mode=Half_Duplex_Slave
PA4.Signal=I2S3_WS
PB10.Mode=Half_Duplex_Slave
PB10.Signal=I2S2_CK
PB11.Mode=Asynchronous
PB11.Signal=USART3_RX
PB12.Mode=Half_Duplex_Slave
PB12.Signal=I2S2_WS
PB13.Mode=CTS_RTS
PB13.Signal=USART3_CTS
PB14.Mode=CTS_RTS
PB14.Signal=USART3_RTS
PB6.Mode=I2C
PB6.Signal=I2C1_SCL
PB7.Mode=I2C
PB7.Signal=I2C1_SDA
PC10.Mode=Half_Duplex_Slave
PC10.Signal=I2S3_CK
PC12.Mode=Half_Duplex_Slave
PC12.Signal=I2S3_SD
PC3.Mode=Half_Duplex_Slave
PC3.Signal=I2S2_SD
PCC.Checker=false
PCC.Line=STM32F429/439
PCC.MCU=STM32F429Z(E-G-I)Tx
PCC.MXVersion=4.9.0
PCC.PartNumber=STM32F429ZITx
PCC.Seq0=0
PCC.Series=STM32F4
PCC.Temperature=25
PCC.Vdd=null
PD8.Mode=Asynchronous
PD8.Signal=USART3_TX
PE3.Mode=SAI_B_SyncSlave
PE3.Signal=SAI1_SD_B
PE4.Mode=SAI_A_AsyncSlave
PE4.Signal=SAI1_FS_A
PE5.Mode=SAI_A_AsyncSlave
PE5.Signal=SAI1_SCK_A
PE6.Mode=SAI_A_AsyncSlave
PE6.Signal=SAI1_SD_A
PF0.Mode=I2C
PF0.Signal=I2C2_SDA
PF1.Mode=I2C
PF1.Signal=I2C2_SCL
ProjectManager.AskForMigrate=true
ProjectManager.BackupPrevious=true
ProjectManager.CompilerOptimize=2
ProjectManager.ComputerToolchain=false
ProjectManager.CoupleFile=false
ProjectManager.DeletePrevious=true
ProjectManager.DeviceId=STM32F429ZITx
ProjectManager.FirmwarePackage=STM32Cube FW_F4 V1.7.0
ProjectManager.FreePins=false
ProjectManager.HalAssertFull=true
ProjectManager.KeepUserCode=true
ProjectManager.LastFirmware=true
ProjectManager.LibraryCopy=0
ProjectManager.ProjectBuild=false
ProjectManager.ProjectFileName=Putz01_STCubeGenerated.ioc
ProjectManager.ProjectName=Putz01_STCubeGenerated
ProjectManager.TargetToolchain=SW4STM32
ProjectManager.ToolChainLocation=
RCC.48MHZClocksFreq_Value=48000000
RCC.AHBFreq_Value=16000000
RCC.APB1Freq_Value=16000000
RCC.APB2Freq_Value=16000000
RCC.CortexFreq_Value=16000000
RCC.FamilyName=M
RCC.HSE_VALUE=25000000
RCC.HSI_VALUE=16000000
RCC.I2SClocksFreq_Value=96000000
RCC.IPParameters=LSI_VALUE,VcooutputI2SQ,SAI_AClocksFreq_Value,APB2Freq_Value,AHBFreq_Value,48MHZClocksFreq_Value,VCOInputFreq_Value,I2SClocksFreq_Value,VCOSAIOutputFreq_Value,SYSCLKFreq_VALUE,LSE_VALUE,HSE_VALUE,HSI_VALUE,VCOI2SOutputFreq_Value,VCOSAIOutputFreq_ValueQ,LCDTFTFreq_Value,VCOSAIOutputFreq_ValueR,PLLCLKFreq_Value,PLLSAIN,RTCFreq_Value,FamilyName,VCOOutputFreq_Value,VcooutputI2S,CortexFreq_Value,SAI_BClocksFreq_Value,APB1Freq_Value,RTCHSEDivFreq_Value
RCC.LCDTFTFreq_Value=48000000
RCC.LSE_VALUE=32768
RCC.LSI_VALUE=32000
RCC.PLLCLKFreq_Value=96000000
RCC.PLLSAIN=192
RCC.RTCFreq_Value=32000
RCC.RTCHSEDivFreq_Value=12500000
RCC.SAI_AClocksFreq_Value=48000000
RCC.SAI_BClocksFreq_Value=48000000
RCC.SYSCLKFreq_VALUE=16000000
RCC.VCOI2SOutputFreq_Value=192000000
RCC.VCOInputFreq_Value=1000000
RCC.VCOOutputFreq_Value=192000000
RCC.VCOSAIOutputFreq_Value=192000000
RCC.VCOSAIOutputFreq_ValueQ=48000000
RCC.VCOSAIOutputFreq_ValueR=96000000
RCC.VcooutputI2S=96000000
RCC.VcooutputI2SQ=96000000
SAI1.ActiveFrameLength-SAI_A_AsyncSlave=32
SAI1.ActiveFrameLength-SAI_B_SyncSlave=32
SAI1.ClockStrobing-SAI_A_AsyncSlave=SAI_CLOCKSTROBING_RISINGEDGE
SAI1.ClockStrobing-SAI_B_SyncSlave=SAI_CLOCKSTROBING_RISINGEDGE
SAI1.DataSize-SAI_A_AsyncSlave=SAI_DATASIZE_32
SAI1.DataSize-SAI_B_SyncSlave=SAI_DATASIZE_32
SAI1.FIFOThreshold-SAI_A_AsyncSlave=SAI_FIFOTHRESHOLD_HF
SAI1.FIFOThreshold-SAI_B_SyncSlave=SAI_FIFOTHRESHOLD_HF
SAI1.FSDefinition-SAI_A_AsyncSlave=SAI_FS_CHANNEL_IDENTIFICATION
SAI1.FSDefinition-SAI_B_SyncSlave=SAI_FS_CHANNEL_IDENTIFICATION
SAI1.FrameLength-SAI_A_AsyncSlave=64
SAI1.FrameLength-SAI_B_SyncSlave=64
SAI1.IPParameters=VirtualSlotActive-SAI_B_SyncSlave,SlotNumber-SAI_B_SyncSlave,DataSize-SAI_B_SyncSlave,VirtualSlotActive0-SAI_B_SyncSlave,DataSize-SAI_A_AsyncSlave,ActiveFrameLength-SAI_A_AsyncSlave,VirtualSlotActive0-SAI_A_AsyncSlave,FIFOThreshold-SAI_B_SyncSlave,FSDefinition-SAI_A_AsyncSlave,SlotActive-SAI_A_AsyncSlave,Synchro-SAI_B_SyncSlave,Instance-SAI_A_AsyncSlave,SlotNumber-SAI_A_AsyncSlave,SlotSize-SAI_A_AsyncSlave,FSDefinition-SAI_B_SyncSlave,VirtualSlotActive-SAI_A_AsyncSlave,ActiveFrameLength-SAI_B_SyncSlave,VirtualMode-SAI_A_AsyncSlave,VirtualMode-SAI_B_SyncSlave,FrameLength-SAI_A_AsyncSlave,FIFOThreshold-SAI_A_AsyncSlave,FrameLength-SAI_B_SyncSlave,Instance-SAI_B_SyncSlave,ClockStrobing-SAI_B_SyncSlave,Protocol-SAI_B_SyncSlave,SlotSize-SAI_B_SyncSlave,ClockStrobing-SAI_A_AsyncSlave,SlotActive-SAI_B_SyncSlave,VirtualSlotActive1-SAI_B_SyncSlave
SAI1.Instance-SAI_A_AsyncSlave=SAI$Index_Block_A
SAI1.Instance-SAI_B_SyncSlave=SAI$Index_Block_B
SAI1.Protocol-SAI_B_SyncSlave=SAI_FREE_PROTOCOL
SAI1.SlotActive-SAI_A_AsyncSlave=0xFFFF0000
SAI1.SlotActive-SAI_B_SyncSlave=0xFFFF0000
SAI1.SlotNumber-SAI_A_AsyncSlave=2
SAI1.SlotNumber-SAI_B_SyncSlave=2
SAI1.SlotSize-SAI_A_AsyncSlave=SAI_SLOTSIZE_32B
SAI1.SlotSize-SAI_B_SyncSlave=SAI_SLOTSIZE_32B
SAI1.Synchro-SAI_B_SyncSlave=SAI_SYNCHRONOUS
SAI1.VirtualMode-SAI_A_AsyncSlave=VM_SLAVE
SAI1.VirtualMode-SAI_B_SyncSlave=VM_SLAVE
SAI1.VirtualSlotActive-SAI_A_AsyncSlave=SAI_SLOTACTIVE_ALL
SAI1.VirtualSlotActive-SAI_B_SyncSlave=SAI_SLOTACTIVE_ALL
SAI1.VirtualSlotActive0-SAI_A_AsyncSlave=true
SAI1.VirtualSlotActive0-SAI_B_SyncSlave=false
SAI1.VirtualSlotActive1-SAI_B_SyncSlave=true
USART3.BaudRate=115200
USART3.IPParameters=BaudRate
board=Putz01_STCubeGenerated
